
Microsoft Visual Studio Solution File, Format Version 12.00
# Visual Studio 15
VisualStudioVersion = 15.0.27703.2042
MinimumVisualStudioVersion = 10.0.40219.1
Project("{FAE04EC0-301F-11D3-BF4B-00C04F79EFBC}") = "TestJSONConvertWebApp", "TestJSONConvertWebApp\TestJSONConvertWebApp.csproj", "{6132DCF0-F995-434E-8A58-3B6736119893}"
EndProject
Project("{FAE04EC0-301F-11D3-BF4B-00C04F79EFBC}") = "TestJSONConvertWebAPI", "TestJSONConvertWebAPI\TestJSONConvertWebAPI.csproj", "{5C21FC48-EEF2-4FA7-894C-42896E357369}"
EndProject
Global
	GlobalSection(SolutionConfigurationPlatforms) = preSolution
		Debug|Any CPU = Debug|Any CPU
		Release|Any CPU = Release|Any CPU
	EndGlobalSection
	GlobalSection(ProjectConfigurationPlatforms) = postSolution
		{6132DCF0-F995-434E-8A58-3B6736119893}.Debug|Any CPU.ActiveCfg = Debug|Any CPU
		{6132DCF0-F995-434E-8A58-3B6736119893}.Debug|Any CPU.Build.0 = Debug|Any CPU
		{6132DCF0-F995-434E-8A58-3B6736119893}.Release|Any CPU.ActiveCfg = Release|Any CPU
		{6132DCF0-F995-434E-8A58-3B6736119893}.Release|Any CPU.Build.0 = Release|Any CPU
		{5C21FC48-EEF2-4FA7-894C-42896E357369}.Debug|Any CPU.ActiveCfg = Debug|Any CPU
		{5C21FC48-EEF2-4FA7-894C-42896E357369}.Debug|Any CPU.Build.0 = Debug|Any CPU
		{5C21FC48-EEF2-4FA7-894C-42896E357369}.Release|Any CPU.ActiveCfg = Release|Any CPU
		{5C21FC48-EEF2-4FA7-894C-42896E357369}.Release|Any CPU.Build.0 = Release|Any CPU
	EndGlobalSection
	GlobalSection(SolutionProperties) = preSolution
		HideSolutionNode = FALSE
	EndGlobalSection
	GlobalSection(ExtensibilityGlobals) = postSolution
		SolutionGuid = {8C14FC9B-E4E8-4EC6-A38F-E836F6280D5B}
	EndGlobalSection
EndGlobal
